// !$*UTF8*$!
{
	archiveVersion = 1;
	classes = {
	};
	objectVersion = 55;
	objects = {

/* Begin PBXBuildFile section */
		870E213C2A21FF92008CA00C /* CartViewController.swift in Sources */ = {isa = PBXBuildFile; fileRef = 870E213B2A21FF92008CA00C /* CartViewController.swift */; };
		870E21402A220041008CA00C /* DataProcessor.swift in Sources */ = {isa = PBXBuildFile; fileRef = 870E213F2A220041008CA00C /* DataProcessor.swift */; };
		870E21422A22227C008CA00C /* SbolConfigurationBuilder.swift in Sources */ = {isa = PBXBuildFile; fileRef = 870E21412A22227C008CA00C /* SbolConfigurationBuilder.swift */; };
		870E21442A2240CC008CA00C /* CustomActionViewController.swift in Sources */ = {isa = PBXBuildFile; fileRef = 870E21432A2240CC008CA00C /* CustomActionViewController.swift */; };
		8773B55729FFB8D30013B27B /* RublePaymentNative.swift in Sources */ = {isa = PBXBuildFile; fileRef = 8773B55629FFB8D30013B27B /* RublePaymentNative.swift */; };
		8782F5A929EAC0010017CE86 /* CollectionViewScreenBuilder.swift in Sources */ = {isa = PBXBuildFile; fileRef = 8782F5A829EAC0010017CE86 /* CollectionViewScreenBuilder.swift */; };
		87B6E2F529EAC36000E92D55 /* CollectionViewDemoViewController.swift in Sources */ = {isa = PBXBuildFile; fileRef = 87B6E2F429EAC36000E92D55 /* CollectionViewDemoViewController.swift */; };
		87C01C4E2A13817000B7AB9F /* ListViewContoller.swift in Sources */ = {isa = PBXBuildFile; fileRef = 87C01C4D2A13817000B7AB9F /* ListViewContoller.swift */; };
		87F582D729DAF64000710D4A /* ScreenMeasure.swift in Sources */ = {isa = PBXBuildFile; fileRef = 87F582D629DAF64000710D4A /* ScreenMeasure.swift */; };
		87F582DC29DAF70700710D4A /* RAMServiceProtocol.swift in Sources */ = {isa = PBXBuildFile; fileRef = 87F582DA29DAF70600710D4A /* RAMServiceProtocol.swift */; };
		87F582DD29DAF70700710D4A /* RAMService.swift in Sources */ = {isa = PBXBuildFile; fileRef = 87F582DB29DAF70600710D4A /* RAMService.swift */; };
		87F582E129DAF70C00710D4A /* MonitoringService.swift in Sources */ = {isa = PBXBuildFile; fileRef = 87F582DE29DAF70C00710D4A /* MonitoringService.swift */; };
		87F582E229DAF70C00710D4A /* MonitoringServiceProtocol.swift in Sources */ = {isa = PBXBuildFile; fileRef = 87F582DF29DAF70C00710D4A /* MonitoringServiceProtocol.swift */; };
		87F582E329DAF70C00710D4A /* StatisticHandlerProtocol.swift in Sources */ = {isa = PBXBuildFile; fileRef = 87F582E029DAF70C00710D4A /* StatisticHandlerProtocol.swift */; };
		87F582E629DAF71100710D4A /* FPSServiceProtocol.swift in Sources */ = {isa = PBXBuildFile; fileRef = 87F582E429DAF71100710D4A /* FPSServiceProtocol.swift */; };
		87F582E729DAF71100710D4A /* FPSService.swift in Sources */ = {isa = PBXBuildFile; fileRef = 87F582E529DAF71100710D4A /* FPSService.swift */; };
		87F582EA29DAF71700710D4A /* CPUServiceProtocol.swift in Sources */ = {isa = PBXBuildFile; fileRef = 87F582E829DAF71700710D4A /* CPUServiceProtocol.swift */; };
		87F582EB29DAF71700710D4A /* CPUService.swift in Sources */ = {isa = PBXBuildFile; fileRef = 87F582E929DAF71700710D4A /* CPUService.swift */; };
		87F582ED29DAF71B00710D4A /* ObservableValue.swift in Sources */ = {isa = PBXBuildFile; fileRef = 87F582EC29DAF71B00710D4A /* ObservableValue.swift */; };
		87F582F829DB081900710D4A /* AdaptiveUI_ExampleUITests.swift in Sources */ = {isa = PBXBuildFile; fileRef = 87F582F729DB081900710D4A /* AdaptiveUI_ExampleUITests.swift */; };
		87F582FA29DB081900710D4A /* AdaptiveUI_ExampleUITestsLaunchTests.swift in Sources */ = {isa = PBXBuildFile; fileRef = 87F582F929DB081900710D4A /* AdaptiveUI_ExampleUITestsLaunchTests.swift */; };
		E544F019293D039E005F6BF9 /* RublePaymentConfigurationBuilder.swift in Sources */ = {isa = PBXBuildFile; fileRef = E544F018293D039E005F6BF9 /* RublePaymentConfigurationBuilder.swift */; };
		E55328CC28F2C38400B941BD /* AppDelegate.swift in Sources */ = {isa = PBXBuildFile; fileRef = E55328CB28F2C38400B941BD /* AppDelegate.swift */; };
		E55328CE28F2C38400B941BD /* SceneDelegate.swift in Sources */ = {isa = PBXBuildFile; fileRef = E55328CD28F2C38400B941BD /* SceneDelegate.swift */; };
		E55328D028F2C38400B941BD /* ViewController.swift in Sources */ = {isa = PBXBuildFile; fileRef = E55328CF28F2C38400B941BD /* ViewController.swift */; };
		E55328D328F2C38400B941BD /* Main.storyboard in Resources */ = {isa = PBXBuildFile; fileRef = E55328D128F2C38400B941BD /* Main.storyboard */; };
		E55328D528F2C38B00B941BD /* Assets.xcassets in Resources */ = {isa = PBXBuildFile; fileRef = E55328D428F2C38B00B941BD /* Assets.xcassets */; };
		E55328D828F2C38B00B941BD /* LaunchScreen.storyboard in Resources */ = {isa = PBXBuildFile; fileRef = E55328D628F2C38B00B941BD /* LaunchScreen.storyboard */; };
		E5A081B52940DD330017F24D /* MockAUIViewConfigurationProcessor.swift in Sources */ = {isa = PBXBuildFile; fileRef = E5A081B42940DD330017F24D /* MockAUIViewConfigurationProcessor.swift */; };
		E5B8265E29868E9000C12EB9 /* RublePaymentViewController.swift in Sources */ = {isa = PBXBuildFile; fileRef = E5B8265D29868E9000C12EB9 /* RublePaymentViewController.swift */; };
		E5B826612986912800C12EB9 /* TableConfigurationBuilder.swift in Sources */ = {isa = PBXBuildFile; fileRef = E5B826602986912800C12EB9 /* TableConfigurationBuilder.swift */; };
		E5B826632986D70500C12EB9 /* TableViewController.swift in Sources */ = {isa = PBXBuildFile; fileRef = E5B826622986D70500C12EB9 /* TableViewController.swift */; };
		F06E045A24C88361B20EAF0D /* Pods_AdaptiveUI_Example.framework in Frameworks */ = {isa = PBXBuildFile; fileRef = 9E86A5809A4EE8DE48F0371B /* Pods_AdaptiveUI_Example.framework */; };
/* End PBXBuildFile section */

/* Begin PBXContainerItemProxy section */
		87F582FB29DB081900710D4A /* PBXContainerItemProxy */ = {
			isa = PBXContainerItemProxy;
			containerPortal = E55328C028F2C38400B941BD /* Project object */;
			proxyType = 1;
			remoteGlobalIDString = E55328C728F2C38400B941BD;
			remoteInfo = "AdaptiveUI-Example";
		};
/* End PBXContainerItemProxy section */

/* Begin PBXFileReference section */
		870E213B2A21FF92008CA00C /* CartViewController.swift */ = {isa = PBXFileReference; lastKnownFileType = sourcecode.swift; path = CartViewController.swift; sourceTree = "<group>"; };
		870E213F2A220041008CA00C /* DataProcessor.swift */ = {isa = PBXFileReference; lastKnownFileType = sourcecode.swift; path = DataProcessor.swift; sourceTree = "<group>"; };
		870E21412A22227C008CA00C /* SbolConfigurationBuilder.swift */ = {isa = PBXFileReference; lastKnownFileType = sourcecode.swift; path = SbolConfigurationBuilder.swift; sourceTree = "<group>"; };
		870E21432A2240CC008CA00C /* CustomActionViewController.swift */ = {isa = PBXFileReference; lastKnownFileType = sourcecode.swift; path = CustomActionViewController.swift; sourceTree = "<group>"; };
		8773B55029FFB5340013B27B /* AdaptiveUI.framework */ = {isa = PBXFileReference; explicitFileType = wrapper.framework; path = AdaptiveUI.framework; sourceTree = BUILT_PRODUCTS_DIR; };
		8773B55229FFB5340013B27B /* FPSCounter.framework */ = {isa = PBXFileReference; explicitFileType = wrapper.framework; path = FPSCounter.framework; sourceTree = BUILT_PRODUCTS_DIR; };
		8773B55429FFB5340013B27B /* Pods_AdaptiveUI_Example.framework */ = {isa = PBXFileReference; explicitFileType = wrapper.framework; path = Pods_AdaptiveUI_Example.framework; sourceTree = BUILT_PRODUCTS_DIR; };
		8773B55629FFB8D30013B27B /* RublePaymentNative.swift */ = {isa = PBXFileReference; lastKnownFileType = sourcecode.swift; path = RublePaymentNative.swift; sourceTree = "<group>"; };
		8782F5A829EAC0010017CE86 /* CollectionViewScreenBuilder.swift */ = {isa = PBXFileReference; lastKnownFileType = sourcecode.swift; path = CollectionViewScreenBuilder.swift; sourceTree = "<group>"; };
		87B6E2F429EAC36000E92D55 /* CollectionViewDemoViewController.swift */ = {isa = PBXFileReference; lastKnownFileType = sourcecode.swift; path = CollectionViewDemoViewController.swift; sourceTree = "<group>"; };
		87C01C4D2A13817000B7AB9F /* ListViewContoller.swift */ = {isa = PBXFileReference; lastKnownFileType = sourcecode.swift; path = ListViewContoller.swift; sourceTree = "<group>"; };
		87F582D629DAF64000710D4A /* ScreenMeasure.swift */ = {isa = PBXFileReference; lastKnownFileType = sourcecode.swift; path = ScreenMeasure.swift; sourceTree = "<group>"; };
		87F582DA29DAF70600710D4A /* RAMServiceProtocol.swift */ = {isa = PBXFileReference; fileEncoding = 4; lastKnownFileType = sourcecode.swift; name = RAMServiceProtocol.swift; path = Services/RAM/RAMServiceProtocol.swift; sourceTree = "<group>"; };
		87F582DB29DAF70600710D4A /* RAMService.swift */ = {isa = PBXFileReference; fileEncoding = 4; lastKnownFileType = sourcecode.swift; name = RAMService.swift; path = Services/RAM/RAMService.swift; sourceTree = "<group>"; };
		87F582DE29DAF70C00710D4A /* MonitoringService.swift */ = {isa = PBXFileReference; fileEncoding = 4; lastKnownFileType = sourcecode.swift; name = MonitoringService.swift; path = Services/Monitoring/MonitoringService.swift; sourceTree = "<group>"; };
		87F582DF29DAF70C00710D4A /* MonitoringServiceProtocol.swift */ = {isa = PBXFileReference; fileEncoding = 4; lastKnownFileType = sourcecode.swift; name = MonitoringServiceProtocol.swift; path = Services/Monitoring/MonitoringServiceProtocol.swift; sourceTree = "<group>"; };
		87F582E029DAF70C00710D4A /* StatisticHandlerProtocol.swift */ = {isa = PBXFileReference; fileEncoding = 4; lastKnownFileType = sourcecode.swift; name = StatisticHandlerProtocol.swift; path = Services/Monitoring/StatisticHandlerProtocol.swift; sourceTree = "<group>"; };
		87F582E429DAF71100710D4A /* FPSServiceProtocol.swift */ = {isa = PBXFileReference; fileEncoding = 4; lastKnownFileType = sourcecode.swift; name = FPSServiceProtocol.swift; path = Services/FPS/FPSServiceProtocol.swift; sourceTree = "<group>"; };
		87F582E529DAF71100710D4A /* FPSService.swift */ = {isa = PBXFileReference; fileEncoding = 4; lastKnownFileType = sourcecode.swift; name = FPSService.swift; path = Services/FPS/FPSService.swift; sourceTree = "<group>"; };
		87F582E829DAF71700710D4A /* CPUServiceProtocol.swift */ = {isa = PBXFileReference; fileEncoding = 4; lastKnownFileType = sourcecode.swift; name = CPUServiceProtocol.swift; path = Services/CPU/CPUServiceProtocol.swift; sourceTree = "<group>"; };
		87F582E929DAF71700710D4A /* CPUService.swift */ = {isa = PBXFileReference; fileEncoding = 4; lastKnownFileType = sourcecode.swift; name = CPUService.swift; path = Services/CPU/CPUService.swift; sourceTree = "<group>"; };
		87F582EC29DAF71B00710D4A /* ObservableValue.swift */ = {isa = PBXFileReference; fileEncoding = 4; lastKnownFileType = sourcecode.swift; name = ObservableValue.swift; path = Services/Common/ObservableValue.swift; sourceTree = "<group>"; };
		87F582F529DB081800710D4A /* AdaptiveUI-ExampleUITests.xctest */ = {isa = PBXFileReference; explicitFileType = wrapper.cfbundle; includeInIndex = 0; path = "AdaptiveUI-ExampleUITests.xctest"; sourceTree = BUILT_PRODUCTS_DIR; };
		87F582F729DB081900710D4A /* AdaptiveUI_ExampleUITests.swift */ = {isa = PBXFileReference; lastKnownFileType = sourcecode.swift; path = AdaptiveUI_ExampleUITests.swift; sourceTree = "<group>"; };
		87F582F929DB081900710D4A /* AdaptiveUI_ExampleUITestsLaunchTests.swift */ = {isa = PBXFileReference; lastKnownFileType = sourcecode.swift; path = AdaptiveUI_ExampleUITestsLaunchTests.swift; sourceTree = "<group>"; };
		9E86A5809A4EE8DE48F0371B /* Pods_AdaptiveUI_Example.framework */ = {isa = PBXFileReference; explicitFileType = wrapper.framework; includeInIndex = 0; path = Pods_AdaptiveUI_Example.framework; sourceTree = BUILT_PRODUCTS_DIR; };
		AF4FE94111F5685F56D602F8 /* Pods-AdaptiveUI-Example.debug.xcconfig */ = {isa = PBXFileReference; includeInIndex = 1; lastKnownFileType = text.xcconfig; name = "Pods-AdaptiveUI-Example.debug.xcconfig"; path = "Target Support Files/Pods-AdaptiveUI-Example/Pods-AdaptiveUI-Example.debug.xcconfig"; sourceTree = "<group>"; };
		B33CCC0F1BD6D5B7CF09D8AE /* Pods-AdaptiveUI-Example.release.xcconfig */ = {isa = PBXFileReference; includeInIndex = 1; lastKnownFileType = text.xcconfig; name = "Pods-AdaptiveUI-Example.release.xcconfig"; path = "Target Support Files/Pods-AdaptiveUI-Example/Pods-AdaptiveUI-Example.release.xcconfig"; sourceTree = "<group>"; };
		E544F018293D039E005F6BF9 /* RublePaymentConfigurationBuilder.swift */ = {isa = PBXFileReference; lastKnownFileType = sourcecode.swift; path = RublePaymentConfigurationBuilder.swift; sourceTree = "<group>"; };
		E55328C828F2C38400B941BD /* AdaptiveUI-Example.app */ = {isa = PBXFileReference; explicitFileType = wrapper.application; includeInIndex = 0; path = "AdaptiveUI-Example.app"; sourceTree = BUILT_PRODUCTS_DIR; };
		E55328CB28F2C38400B941BD /* AppDelegate.swift */ = {isa = PBXFileReference; lastKnownFileType = sourcecode.swift; path = AppDelegate.swift; sourceTree = "<group>"; };
		E55328CD28F2C38400B941BD /* SceneDelegate.swift */ = {isa = PBXFileReference; lastKnownFileType = sourcecode.swift; path = SceneDelegate.swift; sourceTree = "<group>"; };
		E55328CF28F2C38400B941BD /* ViewController.swift */ = {isa = PBXFileReference; lastKnownFileType = sourcecode.swift; path = ViewController.swift; sourceTree = "<group>"; };
		E55328D228F2C38400B941BD /* Base */ = {isa = PBXFileReference; lastKnownFileType = file.storyboard; name = Base; path = Base.lproj/Main.storyboard; sourceTree = "<group>"; };
		E55328D428F2C38B00B941BD /* Assets.xcassets */ = {isa = PBXFileReference; lastKnownFileType = folder.assetcatalog; path = Assets.xcassets; sourceTree = "<group>"; };
		E55328D728F2C38B00B941BD /* Base */ = {isa = PBXFileReference; lastKnownFileType = file.storyboard; name = Base; path = Base.lproj/LaunchScreen.storyboard; sourceTree = "<group>"; };
		E55328D928F2C38B00B941BD /* Info.plist */ = {isa = PBXFileReference; lastKnownFileType = text.plist.xml; path = Info.plist; sourceTree = "<group>"; };
		E5A081B42940DD330017F24D /* MockAUIViewConfigurationProcessor.swift */ = {isa = PBXFileReference; lastKnownFileType = sourcecode.swift; path = MockAUIViewConfigurationProcessor.swift; sourceTree = "<group>"; };
		E5B8265D29868E9000C12EB9 /* RublePaymentViewController.swift */ = {isa = PBXFileReference; lastKnownFileType = sourcecode.swift; path = RublePaymentViewController.swift; sourceTree = "<group>"; };
		E5B826602986912800C12EB9 /* TableConfigurationBuilder.swift */ = {isa = PBXFileReference; lastKnownFileType = sourcecode.swift; path = TableConfigurationBuilder.swift; sourceTree = "<group>"; };
		E5B826622986D70500C12EB9 /* TableViewController.swift */ = {isa = PBXFileReference; lastKnownFileType = sourcecode.swift; path = TableViewController.swift; sourceTree = "<group>"; };
/* End PBXFileReference section */

/* Begin PBXFrameworksBuildPhase section */
		87F582F229DB081800710D4A /* Frameworks */ = {
			isa = PBXFrameworksBuildPhase;
			buildActionMask = 2147483647;
			files = (
			);
			runOnlyForDeploymentPostprocessing = 0;
		};
		E55328C528F2C38400B941BD /* Frameworks */ = {
			isa = PBXFrameworksBuildPhase;
			buildActionMask = 2147483647;
			files = (
				F06E045A24C88361B20EAF0D /* Pods_AdaptiveUI_Example.framework in Frameworks */,
			);
			runOnlyForDeploymentPostprocessing = 0;
		};
/* End PBXFrameworksBuildPhase section */

/* Begin PBXGroup section */
		6C4ED0E21169448EA3DF37D9 /* Pods */ = {
			isa = PBXGroup;
			children = (
				AF4FE94111F5685F56D602F8 /* Pods-AdaptiveUI-Example.debug.xcconfig */,
				B33CCC0F1BD6D5B7CF09D8AE /* Pods-AdaptiveUI-Example.release.xcconfig */,
			);
			path = Pods;
			sourceTree = "<group>";
		};
		870E21392A21FF4C008CA00C /* Final */ = {
			isa = PBXGroup;
			children = (
				870E213F2A220041008CA00C /* DataProcessor.swift */,
				870E213D2A22000B008CA00C /* ViewControllers */,
			);
			path = Final;
			sourceTree = "<group>";
		};
		870E213A2A21FF57008CA00C /* Dev */ = {
			isa = PBXGroup;
			children = (
				E55328CF28F2C38400B941BD /* ViewController.swift */,
				E544F015293D037B005F6BF9 /* UIBuilder */,
				E5B8265F2986910E00C12EB9 /* Mocks */,
				87F582D429DAED3600710D4A /* Native */,
				E5B8265D29868E9000C12EB9 /* RublePaymentViewController.swift */,
				E5B826622986D70500C12EB9 /* TableViewController.swift */,
				87B6E2F429EAC36000E92D55 /* CollectionViewDemoViewController.swift */,
			);
			path = Dev;
			sourceTree = "<group>";
		};
		870E213D2A22000B008CA00C /* ViewControllers */ = {
			isa = PBXGroup;
			children = (
				870E213B2A21FF92008CA00C /* CartViewController.swift */,
				870E21432A2240CC008CA00C /* CustomActionViewController.swift */,
			);
			path = ViewControllers;
			sourceTree = "<group>";
		};
		87F582D429DAED3600710D4A /* Native */ = {
			isa = PBXGroup;
			children = (
				8773B55629FFB8D30013B27B /* RublePaymentNative.swift */,
				87C01C4D2A13817000B7AB9F /* ListViewContoller.swift */,
			);
			path = Native;
			sourceTree = "<group>";
		};
		87F582D529DAF56C00710D4A /* Measure */ = {
			isa = PBXGroup;
			children = (
				87F582EC29DAF71B00710D4A /* ObservableValue.swift */,
				87F582E929DAF71700710D4A /* CPUService.swift */,
				87F582E829DAF71700710D4A /* CPUServiceProtocol.swift */,
				87F582E529DAF71100710D4A /* FPSService.swift */,
				87F582E429DAF71100710D4A /* FPSServiceProtocol.swift */,
				87F582DE29DAF70C00710D4A /* MonitoringService.swift */,
				87F582DF29DAF70C00710D4A /* MonitoringServiceProtocol.swift */,
				87F582E029DAF70C00710D4A /* StatisticHandlerProtocol.swift */,
				87F582DB29DAF70600710D4A /* RAMService.swift */,
				87F582DA29DAF70600710D4A /* RAMServiceProtocol.swift */,
				87F582D629DAF64000710D4A /* ScreenMeasure.swift */,
			);
			path = Measure;
			sourceTree = "<group>";
		};
		87F582F629DB081900710D4A /* AdaptiveUI-ExampleUITests */ = {
			isa = PBXGroup;
			children = (
				87F582F729DB081900710D4A /* AdaptiveUI_ExampleUITests.swift */,
				87F582F929DB081900710D4A /* AdaptiveUI_ExampleUITestsLaunchTests.swift */,
			);
			path = "AdaptiveUI-ExampleUITests";
			sourceTree = "<group>";
		};
		DBDAF5BF4C10625A6ABCC547 /* Frameworks */ = {
			isa = PBXGroup;
			children = (
				8773B55029FFB5340013B27B /* AdaptiveUI.framework */,
				8773B55229FFB5340013B27B /* FPSCounter.framework */,
				8773B55429FFB5340013B27B /* Pods_AdaptiveUI_Example.framework */,
				9E86A5809A4EE8DE48F0371B /* Pods_AdaptiveUI_Example.framework */,
			);
			name = Frameworks;
			sourceTree = "<group>";
		};
		E544F015293D037B005F6BF9 /* UIBuilder */ = {
			isa = PBXGroup;
			children = (
				E544F018293D039E005F6BF9 /* RublePaymentConfigurationBuilder.swift */,
				E5B826602986912800C12EB9 /* TableConfigurationBuilder.swift */,
				8782F5A829EAC0010017CE86 /* CollectionViewScreenBuilder.swift */,
				870E21412A22227C008CA00C /* SbolConfigurationBuilder.swift */,
			);
			path = UIBuilder;
			sourceTree = "<group>";
		};
		E55328BF28F2C38400B941BD = {
			isa = PBXGroup;
			children = (
				E55328CA28F2C38400B941BD /* AdaptiveUI-Example */,
				87F582F629DB081900710D4A /* AdaptiveUI-ExampleUITests */,
				E55328C928F2C38400B941BD /* Products */,
				6C4ED0E21169448EA3DF37D9 /* Pods */,
				DBDAF5BF4C10625A6ABCC547 /* Frameworks */,
			);
			sourceTree = "<group>";
		};
		E55328C928F2C38400B941BD /* Products */ = {
			isa = PBXGroup;
			children = (
				E55328C828F2C38400B941BD /* AdaptiveUI-Example.app */,
				87F582F529DB081800710D4A /* AdaptiveUI-ExampleUITests.xctest */,
			);
			name = Products;
			sourceTree = "<group>";
		};
		E55328CA28F2C38400B941BD /* AdaptiveUI-Example */ = {
			isa = PBXGroup;
			children = (
				87F582D529DAF56C00710D4A /* Measure */,
				E5B8265C29868E6F00C12EB9 /* Demos */,
				E55328CB28F2C38400B941BD /* AppDelegate.swift */,
				E55328CD28F2C38400B941BD /* SceneDelegate.swift */,
				E55328D128F2C38400B941BD /* Main.storyboard */,
				E55328D428F2C38B00B941BD /* Assets.xcassets */,
				E55328D628F2C38B00B941BD /* LaunchScreen.storyboard */,
				E55328D928F2C38B00B941BD /* Info.plist */,
			);
			path = "AdaptiveUI-Example";
			sourceTree = "<group>";
		};
		E5B8265C29868E6F00C12EB9 /* Demos */ = {
			isa = PBXGroup;
			children = (
				870E213A2A21FF57008CA00C /* Dev */,
				870E21392A21FF4C008CA00C /* Final */,
			);
			path = Demos;
			sourceTree = "<group>";
		};
		E5B8265F2986910E00C12EB9 /* Mocks */ = {
			isa = PBXGroup;
			children = (
				E5A081B42940DD330017F24D /* MockAUIViewConfigurationProcessor.swift */,
			);
			path = Mocks;
			sourceTree = "<group>";
		};
/* End PBXGroup section */

/* Begin PBXNativeTarget section */
		87F582F429DB081800710D4A /* AdaptiveUI-ExampleUITests */ = {
			isa = PBXNativeTarget;
			buildConfigurationList = 87F582FD29DB081900710D4A /* Build configuration list for PBXNativeTarget "AdaptiveUI-ExampleUITests" */;
			buildPhases = (
				87F582F129DB081800710D4A /* Sources */,
				87F582F229DB081800710D4A /* Frameworks */,
				87F582F329DB081800710D4A /* Resources */,
			);
			buildRules = (
			);
			dependencies = (
				87F582FC29DB081900710D4A /* PBXTargetDependency */,
			);
			name = "AdaptiveUI-ExampleUITests";
			productName = "AdaptiveUI-ExampleUITests";
			productReference = 87F582F529DB081800710D4A /* AdaptiveUI-ExampleUITests.xctest */;
			productType = "com.apple.product-type.bundle.ui-testing";
		};
		E55328C728F2C38400B941BD /* AdaptiveUI-Example */ = {
			isa = PBXNativeTarget;
			buildConfigurationList = E55328DC28F2C38B00B941BD /* Build configuration list for PBXNativeTarget "AdaptiveUI-Example" */;
			buildPhases = (
				68F22241D5F15923A5EDFCD8 /* [CP] Check Pods Manifest.lock */,
				E55328C428F2C38400B941BD /* Sources */,
				E55328C528F2C38400B941BD /* Frameworks */,
				E55328C628F2C38400B941BD /* Resources */,
				C5414C68CDC9B16D9E20BC8B /* [CP] Embed Pods Frameworks */,
			);
			buildRules = (
			);
			dependencies = (
			);
			name = "AdaptiveUI-Example";
			productName = "AdaptiveUI-Example";
			productReference = E55328C828F2C38400B941BD /* AdaptiveUI-Example.app */;
			productType = "com.apple.product-type.application";
		};
/* End PBXNativeTarget section */

/* Begin PBXProject section */
		E55328C028F2C38400B941BD /* Project object */ = {
			isa = PBXProject;
			attributes = {
				BuildIndependentTargetsInParallel = 1;
				LastSwiftUpdateCheck = 1420;
				LastUpgradeCheck = 1340;
				TargetAttributes = {
					87F582F429DB081800710D4A = {
						CreatedOnToolsVersion = 14.2;
						TestTargetID = E55328C728F2C38400B941BD;
					};
					E55328C728F2C38400B941BD = {
						CreatedOnToolsVersion = 13.4;
					};
				};
			};
			buildConfigurationList = E55328C328F2C38400B941BD /* Build configuration list for PBXProject "AdaptiveUI-Example" */;
			compatibilityVersion = "Xcode 13.0";
			developmentRegion = en;
			hasScannedForEncodings = 0;
			knownRegions = (
				en,
				Base,
			);
			mainGroup = E55328BF28F2C38400B941BD;
			productRefGroup = E55328C928F2C38400B941BD /* Products */;
			projectDirPath = "";
			projectRoot = "";
			targets = (
				E55328C728F2C38400B941BD /* AdaptiveUI-Example */,
				87F582F429DB081800710D4A /* AdaptiveUI-ExampleUITests */,
			);
		};
/* End PBXProject section */

/* Begin PBXResourcesBuildPhase section */
		87F582F329DB081800710D4A /* Resources */ = {
			isa = PBXResourcesBuildPhase;
			buildActionMask = 2147483647;
			files = (
			);
			runOnlyForDeploymentPostprocessing = 0;
		};
		E55328C628F2C38400B941BD /* Resources */ = {
			isa = PBXResourcesBuildPhase;
			buildActionMask = 2147483647;
			files = (
				E55328D828F2C38B00B941BD /* LaunchScreen.storyboard in Resources */,
				E55328D528F2C38B00B941BD /* Assets.xcassets in Resources */,
				E55328D328F2C38400B941BD /* Main.storyboard in Resources */,
			);
			runOnlyForDeploymentPostprocessing = 0;
		};
/* End PBXResourcesBuildPhase section */

/* Begin PBXShellScriptBuildPhase section */
		68F22241D5F15923A5EDFCD8 /* [CP] Check Pods Manifest.lock */ = {
			isa = PBXShellScriptBuildPhase;
			buildActionMask = 2147483647;
			files = (
			);
			inputFileListPaths = (
			);
			inputPaths = (
				"${PODS_PODFILE_DIR_PATH}/Podfile.lock",
				"${PODS_ROOT}/Manifest.lock",
			);
			name = "[CP] Check Pods Manifest.lock";
			outputFileListPaths = (
			);
			outputPaths = (
				"$(DERIVED_FILE_DIR)/Pods-AdaptiveUI-Example-checkManifestLockResult.txt",
			);
			runOnlyForDeploymentPostprocessing = 0;
			shellPath = /bin/sh;
			shellScript = "diff \"${PODS_PODFILE_DIR_PATH}/Podfile.lock\" \"${PODS_ROOT}/Manifest.lock\" > /dev/null\nif [ $? != 0 ] ; then\n    # print error to STDERR\n    echo \"error: The sandbox is not in sync with the Podfile.lock. Run 'pod install' or update your CocoaPods installation.\" >&2\n    exit 1\nfi\n# This output is used by Xcode 'outputs' to avoid re-running this script phase.\necho \"SUCCESS\" > \"${SCRIPT_OUTPUT_FILE_0}\"\n";
			showEnvVarsInLog = 0;
		};
		C5414C68CDC9B16D9E20BC8B /* [CP] Embed Pods Frameworks */ = {
			isa = PBXShellScriptBuildPhase;
			buildActionMask = 2147483647;
			files = (
			);
			inputFileListPaths = (
				"${PODS_ROOT}/Target Support Files/Pods-AdaptiveUI-Example/Pods-AdaptiveUI-Example-frameworks-${CONFIGURATION}-input-files.xcfilelist",
			);
			name = "[CP] Embed Pods Frameworks";
			outputFileListPaths = (
				"${PODS_ROOT}/Target Support Files/Pods-AdaptiveUI-Example/Pods-AdaptiveUI-Example-frameworks-${CONFIGURATION}-output-files.xcfilelist",
			);
			runOnlyForDeploymentPostprocessing = 0;
			shellPath = /bin/sh;
			shellScript = "\"${PODS_ROOT}/Target Support Files/Pods-AdaptiveUI-Example/Pods-AdaptiveUI-Example-frameworks.sh\"\n";
			showEnvVarsInLog = 0;
		};
/* End PBXShellScriptBuildPhase section */

/* Begin PBXSourcesBuildPhase section */
		87F582F129DB081800710D4A /* Sources */ = {
			isa = PBXSourcesBuildPhase;
			buildActionMask = 2147483647;
			files = (
				87F582F829DB081900710D4A /* AdaptiveUI_ExampleUITests.swift in Sources */,
				87F582FA29DB081900710D4A /* AdaptiveUI_ExampleUITestsLaunchTests.swift in Sources */,
			);
			runOnlyForDeploymentPostprocessing = 0;
		};
		E55328C428F2C38400B941BD /* Sources */ = {
			isa = PBXSourcesBuildPhase;
			buildActionMask = 2147483647;
			files = (
				8782F5A929EAC0010017CE86 /* CollectionViewScreenBuilder.swift in Sources */,
				87F582DD29DAF70700710D4A /* RAMService.swift in Sources */,
				87F582E329DAF70C00710D4A /* StatisticHandlerProtocol.swift in Sources */,
				87F582E129DAF70C00710D4A /* MonitoringService.swift in Sources */,
				870E213C2A21FF92008CA00C /* CartViewController.swift in Sources */,
				87F582DC29DAF70700710D4A /* RAMServiceProtocol.swift in Sources */,
				87F582EA29DAF71700710D4A /* CPUServiceProtocol.swift in Sources */,
				E5B8265E29868E9000C12EB9 /* RublePaymentViewController.swift in Sources */,
				87F582E729DAF71100710D4A /* FPSService.swift in Sources */,
				8773B55729FFB8D30013B27B /* RublePaymentNative.swift in Sources */,
				87B6E2F529EAC36000E92D55 /* CollectionViewDemoViewController.swift in Sources */,
				E5B826612986912800C12EB9 /* TableConfigurationBuilder.swift in Sources */,
				870E21422A22227C008CA00C /* SbolConfigurationBuilder.swift in Sources */,
				87C01C4E2A13817000B7AB9F /* ListViewContoller.swift in Sources */,
				E55328D028F2C38400B941BD /* ViewController.swift in Sources */,
				87F582E629DAF71100710D4A /* FPSServiceProtocol.swift in Sources */,
				E5B826632986D70500C12EB9 /* TableViewController.swift in Sources */,
				87F582D729DAF64000710D4A /* ScreenMeasure.swift in Sources */,
				87F582EB29DAF71700710D4A /* CPUService.swift in Sources */,
				870E21402A220041008CA00C /* DataProcessor.swift in Sources */,
				E55328CC28F2C38400B941BD /* AppDelegate.swift in Sources */,
				870E21442A2240CC008CA00C /* CustomActionViewController.swift in Sources */,
				E55328CE28F2C38400B941BD /* SceneDelegate.swift in Sources */,
				87F582E229DAF70C00710D4A /* MonitoringServiceProtocol.swift in Sources */,
				E5A081B52940DD330017F24D /* MockAUIViewConfigurationProcessor.swift in Sources */,
				87F582ED29DAF71B00710D4A /* ObservableValue.swift in Sources */,
				E544F019293D039E005F6BF9 /* RublePaymentConfigurationBuilder.swift in Sources */,
			);
			runOnlyForDeploymentPostprocessing = 0;
		};
/* End PBXSourcesBuildPhase section */

/* Begin PBXTargetDependency section */
		87F582FC29DB081900710D4A /* PBXTargetDependency */ = {
			isa = PBXTargetDependency;
			target = E55328C728F2C38400B941BD /* AdaptiveUI-Example */;
			targetProxy = 87F582FB29DB081900710D4A /* PBXContainerItemProxy */;
		};
/* End PBXTargetDependency section */

/* Begin PBXVariantGroup section */
		E55328D128F2C38400B941BD /* Main.storyboard */ = {
			isa = PBXVariantGroup;
			children = (
				E55328D228F2C38400B941BD /* Base */,
			);
			name = Main.storyboard;
			sourceTree = "<group>";
		};
		E55328D628F2C38B00B941BD /* LaunchScreen.storyboard */ = {
			isa = PBXVariantGroup;
			children = (
				E55328D728F2C38B00B941BD /* Base */,
			);
			name = LaunchScreen.storyboard;
			sourceTree = "<group>";
		};
/* End PBXVariantGroup section */

/* Begin XCBuildConfiguration section */
		87F582FE29DB081900710D4A /* Debug */ = {
			isa = XCBuildConfiguration;
			buildSettings = {
				CLANG_CXX_LANGUAGE_STANDARD = "gnu++20";
				CODE_SIGN_STYLE = Automatic;
				CURRENT_PROJECT_VERSION = 1;
				DEVELOPMENT_TEAM = 9B9A6P36K2;
				GENERATE_INFOPLIST_FILE = YES;
				IPHONEOS_DEPLOYMENT_TARGET = 16.2;
				MARKETING_VERSION = 1.0;
				PRODUCT_BUNDLE_IDENTIFIER = "a123.AdaptiveUI-ExampleUITests";
				PRODUCT_NAME = "$(TARGET_NAME)";
				SWIFT_EMIT_LOC_STRINGS = NO;
				SWIFT_VERSION = 5.0;
				TARGETED_DEVICE_FAMILY = "1,2";
				TEST_TARGET_NAME = "AdaptiveUI-Example";
			};
			name = Debug;
		};
		87F582FF29DB081900710D4A /* Release */ = {
			isa = XCBuildConfiguration;
			buildSettings = {
				CLANG_CXX_LANGUAGE_STANDARD = "gnu++20";
				CODE_SIGN_STYLE = Automatic;
				CURRENT_PROJECT_VERSION = 1;
				DEVELOPMENT_TEAM = 9B9A6P36K2;
				GENERATE_INFOPLIST_FILE = YES;
				IPHONEOS_DEPLOYMENT_TARGET = 16.2;
				MARKETING_VERSION = 1.0;
				PRODUCT_BUNDLE_IDENTIFIER = "a123.AdaptiveUI-ExampleUITests";
				PRODUCT_NAME = "$(TARGET_NAME)";
				SWIFT_EMIT_LOC_STRINGS = NO;
				SWIFT_VERSION = 5.0;
				TARGETED_DEVICE_FAMILY = "1,2";
				TEST_TARGET_NAME = "AdaptiveUI-Example";
			};
			name = Release;
		};
		E55328DA28F2C38B00B941BD /* Debug */ = {
			isa = XCBuildConfiguration;
			buildSettings = {
				ALWAYS_SEARCH_USER_PATHS = NO;
				CLANG_ANALYZER_NONNULL = YES;
				CLANG_ANALYZER_NUMBER_OBJECT_CONVERSION = YES_AGGRESSIVE;
				CLANG_CXX_LANGUAGE_STANDARD = "gnu++17";
				CLANG_ENABLE_MODULES = YES;
				CLANG_ENABLE_OBJC_ARC = YES;
				CLANG_ENABLE_OBJC_WEAK = YES;
				CLANG_WARN_BLOCK_CAPTURE_AUTORELEASING = YES;
				CLANG_WARN_BOOL_CONVERSION = YES;
				CLANG_WARN_COMMA = YES;
				CLANG_WARN_CONSTANT_CONVERSION = YES;
				CLANG_WARN_DEPRECATED_OBJC_IMPLEMENTATIONS = YES;
				CLANG_WARN_DIRECT_OBJC_ISA_USAGE = YES_ERROR;
				CLANG_WARN_DOCUMENTATION_COMMENTS = YES;
				CLANG_WARN_EMPTY_BODY = YES;
				CLANG_WARN_ENUM_CONVERSION = YES;
				CLANG_WARN_INFINITE_RECURSION = YES;
				CLANG_WARN_INT_CONVERSION = YES;
				CLANG_WARN_NON_LITERAL_NULL_CONVERSION = YES;
				CLANG_WARN_OBJC_IMPLICIT_RETAIN_SELF = YES;
				CLANG_WARN_OBJC_LITERAL_CONVERSION = YES;
				CLANG_WARN_OBJC_ROOT_CLASS = YES_ERROR;
				CLANG_WARN_QUOTED_INCLUDE_IN_FRAMEWORK_HEADER = YES;
				CLANG_WARN_RANGE_LOOP_ANALYSIS = YES;
				CLANG_WARN_STRICT_PROTOTYPES = YES;
				CLANG_WARN_SUSPICIOUS_MOVE = YES;
				CLANG_WARN_UNGUARDED_AVAILABILITY = YES_AGGRESSIVE;
				CLANG_WARN_UNREACHABLE_CODE = YES;
				CLANG_WARN__DUPLICATE_METHOD_MATCH = YES;
				COPY_PHASE_STRIP = NO;
				DEBUG_INFORMATION_FORMAT = dwarf;
				ENABLE_STRICT_OBJC_MSGSEND = YES;
				ENABLE_TESTABILITY = YES;
				GCC_C_LANGUAGE_STANDARD = gnu11;
				GCC_DYNAMIC_NO_PIC = NO;
				GCC_NO_COMMON_BLOCKS = YES;
				GCC_OPTIMIZATION_LEVEL = 0;
				GCC_PREPROCESSOR_DEFINITIONS = (
					"DEBUG=1",
					"$(inherited)",
				);
				GCC_WARN_64_TO_32_BIT_CONVERSION = YES;
				GCC_WARN_ABOUT_RETURN_TYPE = YES_ERROR;
				GCC_WARN_UNDECLARED_SELECTOR = YES;
				GCC_WARN_UNINITIALIZED_AUTOS = YES_AGGRESSIVE;
				GCC_WARN_UNUSED_FUNCTION = YES;
				GCC_WARN_UNUSED_VARIABLE = YES;
				IPHONEOS_DEPLOYMENT_TARGET = 15.5;
				MTL_ENABLE_DEBUG_INFO = INCLUDE_SOURCE;
				MTL_FAST_MATH = YES;
				ONLY_ACTIVE_ARCH = YES;
				SDKROOT = iphoneos;
				SWIFT_ACTIVE_COMPILATION_CONDITIONS = DEBUG;
				SWIFT_OPTIMIZATION_LEVEL = "-Onone";
			};
			name = Debug;
		};
		E55328DB28F2C38B00B941BD /* Release */ = {
			isa = XCBuildConfiguration;
			buildSettings = {
				ALWAYS_SEARCH_USER_PATHS = NO;
				CLANG_ANALYZER_NONNULL = YES;
				CLANG_ANALYZER_NUMBER_OBJECT_CONVERSION = YES_AGGRESSIVE;
				CLANG_CXX_LANGUAGE_STANDARD = "gnu++17";
				CLANG_ENABLE_MODULES = YES;
				CLANG_ENABLE_OBJC_ARC = YES;
				CLANG_ENABLE_OBJC_WEAK = YES;
				CLANG_WARN_BLOCK_CAPTURE_AUTORELEASING = YES;
				CLANG_WARN_BOOL_CONVERSION = YES;
				CLANG_WARN_COMMA = YES;
				CLANG_WARN_CONSTANT_CONVERSION = YES;
				CLANG_WARN_DEPRECATED_OBJC_IMPLEMENTATIONS = YES;
				CLANG_WARN_DIRECT_OBJC_ISA_USAGE = YES_ERROR;
				CLANG_WARN_DOCUMENTATION_COMMENTS = YES;
				CLANG_WARN_EMPTY_BODY = YES;
				CLANG_WARN_ENUM_CONVERSION = YES;
				CLANG_WARN_INFINITE_RECURSION = YES;
				CLANG_WARN_INT_CONVERSION = YES;
				CLANG_WARN_NON_LITERAL_NULL_CONVERSION = YES;
				CLANG_WARN_OBJC_IMPLICIT_RETAIN_SELF = YES;
				CLANG_WARN_OBJC_LITERAL_CONVERSION = YES;
				CLANG_WARN_OBJC_ROOT_CLASS = YES_ERROR;
				CLANG_WARN_QUOTED_INCLUDE_IN_FRAMEWORK_HEADER = YES;
				CLANG_WARN_RANGE_LOOP_ANALYSIS = YES;
				CLANG_WARN_STRICT_PROTOTYPES = YES;
				CLANG_WARN_SUSPICIOUS_MOVE = YES;
				CLANG_WARN_UNGUARDED_AVAILABILITY = YES_AGGRESSIVE;
				CLANG_WARN_UNREACHABLE_CODE = YES;
				CLANG_WARN__DUPLICATE_METHOD_MATCH = YES;
				COPY_PHASE_STRIP = NO;
				DEBUG_INFORMATION_FORMAT = "dwarf-with-dsym";
				ENABLE_NS_ASSERTIONS = NO;
				ENABLE_STRICT_OBJC_MSGSEND = YES;
				GCC_C_LANGUAGE_STANDARD = gnu11;
				GCC_NO_COMMON_BLOCKS = YES;
				GCC_WARN_64_TO_32_BIT_CONVERSION = YES;
				GCC_WARN_ABOUT_RETURN_TYPE = YES_ERROR;
				GCC_WARN_UNDECLARED_SELECTOR = YES;
				GCC_WARN_UNINITIALIZED_AUTOS = YES_AGGRESSIVE;
				GCC_WARN_UNUSED_FUNCTION = YES;
				GCC_WARN_UNUSED_VARIABLE = YES;
				IPHONEOS_DEPLOYMENT_TARGET = 15.5;
				MTL_ENABLE_DEBUG_INFO = NO;
				MTL_FAST_MATH = YES;
				SDKROOT = iphoneos;
				SWIFT_COMPILATION_MODE = wholemodule;
				SWIFT_OPTIMIZATION_LEVEL = "-O";
				VALIDATE_PRODUCT = YES;
			};
			name = Release;
		};
		E55328DD28F2C38B00B941BD /* Debug */ = {
			isa = XCBuildConfiguration;
			baseConfigurationReference = AF4FE94111F5685F56D602F8 /* Pods-AdaptiveUI-Example.debug.xcconfig */;
			buildSettings = {
				ASSETCATALOG_COMPILER_APPICON_NAME = AppIcon;
				ASSETCATALOG_COMPILER_GLOBAL_ACCENT_COLOR_NAME = AccentColor;
				CODE_SIGN_STYLE = Automatic;
				CURRENT_PROJECT_VERSION = 1;
				GENERATE_INFOPLIST_FILE = YES;
				INFOPLIST_FILE = "AdaptiveUI-Example/Info.plist";
				INFOPLIST_KEY_UIApplicationSupportsIndirectInputEvents = YES;
				INFOPLIST_KEY_UILaunchStoryboardName = LaunchScreen;
				INFOPLIST_KEY_UIMainStoryboardFile = Main;
				INFOPLIST_KEY_UISupportedInterfaceOrientations_iPad = "UIInterfaceOrientationPortrait UIInterfaceOrientationPortraitUpsideDown UIInterfaceOrientationLandscapeLeft UIInterfaceOrientationLandscapeRight";
				INFOPLIST_KEY_UISupportedInterfaceOrientations_iPhone = "UIInterfaceOrientationPortrait UIInterfaceOrientationLandscapeLeft UIInterfaceOrientationLandscapeRight";
				LD_RUNPATH_SEARCH_PATHS = (
					"$(inherited)",
					"@executable_path/Frameworks",
				);
				MARKETING_VERSION = 1.0;
				PRODUCT_BUNDLE_IDENTIFIER = "itis.com.AdaptiveUI-Example";
				PRODUCT_NAME = "$(TARGET_NAME)";
				SWIFT_EMIT_LOC_STRINGS = YES;
				SWIFT_VERSION = 5.0;
				TARGETED_DEVICE_FAMILY = "1,2";
			};
			name = Debug;
		};
		E55328DE28F2C38B00B941BD /* Release */ = {
			isa = XCBuildConfiguration;
			baseConfigurationReference = B33CCC0F1BD6D5B7CF09D8AE /* Pods-AdaptiveUI-Example.release.xcconfig */;
			buildSettings = {
				ASSETCATALOG_COMPILER_APPICON_NAME = AppIcon;
				ASSETCATALOG_COMPILER_GLOBAL_ACCENT_COLOR_NAME = AccentColor;
				CODE_SIGN_STYLE = Automatic;
				CURRENT_PROJECT_VERSION = 1;
				GENERATE_INFOPLIST_FILE = YES;
				INFOPLIST_FILE = "AdaptiveUI-Example/Info.plist";
				INFOPLIST_KEY_UIApplicationSupportsIndirectInputEvents = YES;
				INFOPLIST_KEY_UILaunchStoryboardName = LaunchScreen;
				INFOPLIST_KEY_UIMainStoryboardFile = Main;
				INFOPLIST_KEY_UISupportedInterfaceOrientations_iPad = "UIInterfaceOrientationPortrait UIInterfaceOrientationPortraitUpsideDown UIInterfaceOrientationLandscapeLeft UIInterfaceOrientationLandscapeRight";
				INFOPLIST_KEY_UISupportedInterfaceOrientations_iPhone = "UIInterfaceOrientationPortrait UIInterfaceOrientationLandscapeLeft UIInterfaceOrientationLandscapeRight";
				LD_RUNPATH_SEARCH_PATHS = (
					"$(inherited)",
					"@executable_path/Frameworks",
				);
				MARKETING_VERSION = 1.0;
				PRODUCT_BUNDLE_IDENTIFIER = "itis.com.AdaptiveUI-Example";
				PRODUCT_NAME = "$(TARGET_NAME)";
				SWIFT_EMIT_LOC_STRINGS = YES;
				SWIFT_VERSION = 5.0;
				TARGETED_DEVICE_FAMILY = "1,2";
			};
			name = Release;
		};
/* End XCBuildConfiguration section */

/* Begin XCConfigurationList section */
		87F582FD29DB081900710D4A /* Build configuration list for PBXNativeTarget "AdaptiveUI-ExampleUITests" */ = {
			isa = XCConfigurationList;
			buildConfigurations = (
				87F582FE29DB081900710D4A /* Debug */,
				87F582FF29DB081900710D4A /* Release */,
			);
			defaultConfigurationIsVisible = 0;
			defaultConfigurationName = Release;
		};
		E55328C328F2C38400B941BD /* Build configuration list for PBXProject "AdaptiveUI-Example" */ = {
			isa = XCConfigurationList;
			buildConfigurations = (
				E55328DA28F2C38B00B941BD /* Debug */,
				E55328DB28F2C38B00B941BD /* Release */,
			);
			defaultConfigurationIsVisible = 0;
			defaultConfigurationName = Release;
		};
		E55328DC28F2C38B00B941BD /* Build configuration list for PBXNativeTarget "AdaptiveUI-Example" */ = {
			isa = XCConfigurationList;
			buildConfigurations = (
				E55328DD28F2C38B00B941BD /* Debug */,
				E55328DE28F2C38B00B941BD /* Release */,
			);
			defaultConfigurationIsVisible = 0;
			defaultConfigurationName = Release;
		};
/* End XCConfigurationList section */
	};
	rootObject = E55328C028F2C38400B941BD /* Project object */;
}
